
Microsoft Visual Studio Solution File, Format Version 12.00
# Visual Studio Version 16
VisualStudioVersion = 16.0.29102.190
MinimumVisualStudioVersion = 10.0.40219.1
Project("{9A19103F-16F7-4668-BE54-9A1E7A4F7556}") = "Sum of Two Integers", "Sum of Two Integers.csproj", "{EC97322C-7E9E-4572-9995-CC19FB86C822}"
EndProject
Global
	GlobalSection(SolutionConfigurationPlatforms) = preSolution
		Debug|Any CPU = Debug|Any CPU
		Release|Any CPU = Release|Any CPU
	EndGlobalSection
	GlobalSection(ProjectConfigurationPlatforms) = postSolution
		{EC97322C-7E9E-4572-9995-CC19FB86C822}.Debug|Any CPU.ActiveCfg = Debug|Any CPU
		{EC97322C-7E9E-4572-9995-CC19FB86C822}.Debug|Any CPU.Build.0 = Debug|Any CPU
		{EC97322C-7E9E-4572-9995-CC19FB86C822}.Release|Any CPU.ActiveCfg = Release|Any CPU
		{EC97322C-7E9E-4572-9995-CC19FB86C822}.Release|Any CPU.Build.0 = Release|Any CPU
	EndGlobalSection
	GlobalSection(SolutionProperties) = preSolution
		HideSolutionNode = FALSE
	EndGlobalSection
	GlobalSection(ExtensibilityGlobals) = postSolution
		SolutionGuid = {09788621-8C06-435B-9DF7-7176A4A4DA14}
	EndGlobalSection
EndGlobal
