
Microsoft Visual Studio Solution File, Format Version 12.00
# Visual Studio 15
VisualStudioVersion = 15.0.26124.0
MinimumVisualStudioVersion = 15.0.26124.0
Project("{F2A71F9B-5D33-465A-A702-920D77279786}") = "GetTheMiddleCharacter", "GetTheMiddleCharacter\GetTheMiddleCharacter.fsproj", "{6AA863FE-B6E6-4312-86FB-1DAB6843B510}"
EndProject
Project("{F2A71F9B-5D33-465A-A702-920D77279786}") = "DisemvowelTrolls", "DisemvowelTrolls\DisemvowelTrolls.fsproj", "{20F6FB59-B23C-470F-BF48-1CAC41EA312B}"
EndProject
Project("{F2A71F9B-5D33-465A-A702-920D77279786}") = "Mumbling", "Mumbling\Mumbling.fsproj", "{74473C56-2F08-4F1F-AB5D-0250723B1356}"
EndProject
Project("{F2A71F9B-5D33-465A-A702-920D77279786}") = "DescendingOrder", "DescendingOrder\DescendingOrder.fsproj", "{5E4D3F70-8E04-43FB-9933-9C7B108D51AD}"
EndProject
Project("{F2A71F9B-5D33-465A-A702-920D77279786}") = "HighestAndLowest", "HighestAndLowest\HighestAndLowest.fsproj", "{9C81484D-1C97-4606-B744-43F948A612C3}"
EndProject
Global
	GlobalSection(SolutionConfigurationPlatforms) = preSolution
		Debug|Any CPU = Debug|Any CPU
		Debug|x64 = Debug|x64
		Debug|x86 = Debug|x86
		Release|Any CPU = Release|Any CPU
		Release|x64 = Release|x64
		Release|x86 = Release|x86
	EndGlobalSection
	GlobalSection(SolutionProperties) = preSolution
		HideSolutionNode = FALSE
	EndGlobalSection
	GlobalSection(ProjectConfigurationPlatforms) = postSolution
		{6AA863FE-B6E6-4312-86FB-1DAB6843B510}.Debug|Any CPU.ActiveCfg = Debug|Any CPU
		{6AA863FE-B6E6-4312-86FB-1DAB6843B510}.Debug|Any CPU.Build.0 = Debug|Any CPU
		{6AA863FE-B6E6-4312-86FB-1DAB6843B510}.Debug|x64.ActiveCfg = Debug|Any CPU
		{6AA863FE-B6E6-4312-86FB-1DAB6843B510}.Debug|x64.Build.0 = Debug|Any CPU
		{6AA863FE-B6E6-4312-86FB-1DAB6843B510}.Debug|x86.ActiveCfg = Debug|Any CPU
		{6AA863FE-B6E6-4312-86FB-1DAB6843B510}.Debug|x86.Build.0 = Debug|Any CPU
		{6AA863FE-B6E6-4312-86FB-1DAB6843B510}.Release|Any CPU.ActiveCfg = Release|Any CPU
		{6AA863FE-B6E6-4312-86FB-1DAB6843B510}.Release|Any CPU.Build.0 = Release|Any CPU
		{6AA863FE-B6E6-4312-86FB-1DAB6843B510}.Release|x64.ActiveCfg = Release|Any CPU
		{6AA863FE-B6E6-4312-86FB-1DAB6843B510}.Release|x64.Build.0 = Release|Any CPU
		{6AA863FE-B6E6-4312-86FB-1DAB6843B510}.Release|x86.ActiveCfg = Release|Any CPU
		{6AA863FE-B6E6-4312-86FB-1DAB6843B510}.Release|x86.Build.0 = Release|Any CPU
		{20F6FB59-B23C-470F-BF48-1CAC41EA312B}.Debug|Any CPU.ActiveCfg = Debug|Any CPU
		{20F6FB59-B23C-470F-BF48-1CAC41EA312B}.Debug|Any CPU.Build.0 = Debug|Any CPU
		{20F6FB59-B23C-470F-BF48-1CAC41EA312B}.Debug|x64.ActiveCfg = Debug|Any CPU
		{20F6FB59-B23C-470F-BF48-1CAC41EA312B}.Debug|x64.Build.0 = Debug|Any CPU
		{20F6FB59-B23C-470F-BF48-1CAC41EA312B}.Debug|x86.ActiveCfg = Debug|Any CPU
		{20F6FB59-B23C-470F-BF48-1CAC41EA312B}.Debug|x86.Build.0 = Debug|Any CPU
		{20F6FB59-B23C-470F-BF48-1CAC41EA312B}.Release|Any CPU.ActiveCfg = Release|Any CPU
		{20F6FB59-B23C-470F-BF48-1CAC41EA312B}.Release|Any CPU.Build.0 = Release|Any CPU
		{20F6FB59-B23C-470F-BF48-1CAC41EA312B}.Release|x64.ActiveCfg = Release|Any CPU
		{20F6FB59-B23C-470F-BF48-1CAC41EA312B}.Release|x64.Build.0 = Release|Any CPU
		{20F6FB59-B23C-470F-BF48-1CAC41EA312B}.Release|x86.ActiveCfg = Release|Any CPU
		{20F6FB59-B23C-470F-BF48-1CAC41EA312B}.Release|x86.Build.0 = Release|Any CPU
		{74473C56-2F08-4F1F-AB5D-0250723B1356}.Debug|Any CPU.ActiveCfg = Debug|Any CPU
		{74473C56-2F08-4F1F-AB5D-0250723B1356}.Debug|Any CPU.Build.0 = Debug|Any CPU
		{74473C56-2F08-4F1F-AB5D-0250723B1356}.Debug|x64.ActiveCfg = Debug|Any CPU
		{74473C56-2F08-4F1F-AB5D-0250723B1356}.Debug|x64.Build.0 = Debug|Any CPU
		{74473C56-2F08-4F1F-AB5D-0250723B1356}.Debug|x86.ActiveCfg = Debug|Any CPU
		{74473C56-2F08-4F1F-AB5D-0250723B1356}.Debug|x86.Build.0 = Debug|Any CPU
		{74473C56-2F08-4F1F-AB5D-0250723B1356}.Release|Any CPU.ActiveCfg = Release|Any CPU
		{74473C56-2F08-4F1F-AB5D-0250723B1356}.Release|Any CPU.Build.0 = Release|Any CPU
		{74473C56-2F08-4F1F-AB5D-0250723B1356}.Release|x64.ActiveCfg = Release|Any CPU
		{74473C56-2F08-4F1F-AB5D-0250723B1356}.Release|x64.Build.0 = Release|Any CPU
		{74473C56-2F08-4F1F-AB5D-0250723B1356}.Release|x86.ActiveCfg = Release|Any CPU
		{74473C56-2F08-4F1F-AB5D-0250723B1356}.Release|x86.Build.0 = Release|Any CPU
		{5E4D3F70-8E04-43FB-9933-9C7B108D51AD}.Debug|Any CPU.ActiveCfg = Debug|Any CPU
		{5E4D3F70-8E04-43FB-9933-9C7B108D51AD}.Debug|Any CPU.Build.0 = Debug|Any CPU
		{5E4D3F70-8E04-43FB-9933-9C7B108D51AD}.Debug|x64.ActiveCfg = Debug|Any CPU
		{5E4D3F70-8E04-43FB-9933-9C7B108D51AD}.Debug|x64.Build.0 = Debug|Any CPU
		{5E4D3F70-8E04-43FB-9933-9C7B108D51AD}.Debug|x86.ActiveCfg = Debug|Any CPU
		{5E4D3F70-8E04-43FB-9933-9C7B108D51AD}.Debug|x86.Build.0 = Debug|Any CPU
		{5E4D3F70-8E04-43FB-9933-9C7B108D51AD}.Release|Any CPU.ActiveCfg = Release|Any CPU
		{5E4D3F70-8E04-43FB-9933-9C7B108D51AD}.Release|Any CPU.Build.0 = Release|Any CPU
		{5E4D3F70-8E04-43FB-9933-9C7B108D51AD}.Release|x64.ActiveCfg = Release|Any CPU
		{5E4D3F70-8E04-43FB-9933-9C7B108D51AD}.Release|x64.Build.0 = Release|Any CPU
		{5E4D3F70-8E04-43FB-9933-9C7B108D51AD}.Release|x86.ActiveCfg = Release|Any CPU
		{5E4D3F70-8E04-43FB-9933-9C7B108D51AD}.Release|x86.Build.0 = Release|Any CPU
		{9C81484D-1C97-4606-B744-43F948A612C3}.Debug|Any CPU.ActiveCfg = Debug|Any CPU
		{9C81484D-1C97-4606-B744-43F948A612C3}.Debug|Any CPU.Build.0 = Debug|Any CPU
		{9C81484D-1C97-4606-B744-43F948A612C3}.Debug|x64.ActiveCfg = Debug|Any CPU
		{9C81484D-1C97-4606-B744-43F948A612C3}.Debug|x64.Build.0 = Debug|Any CPU
		{9C81484D-1C97-4606-B744-43F948A612C3}.Debug|x86.ActiveCfg = Debug|Any CPU
		{9C81484D-1C97-4606-B744-43F948A612C3}.Debug|x86.Build.0 = Debug|Any CPU
		{9C81484D-1C97-4606-B744-43F948A612C3}.Release|Any CPU.ActiveCfg = Release|Any CPU
		{9C81484D-1C97-4606-B744-43F948A612C3}.Release|Any CPU.Build.0 = Release|Any CPU
		{9C81484D-1C97-4606-B744-43F948A612C3}.Release|x64.ActiveCfg = Release|Any CPU
		{9C81484D-1C97-4606-B744-43F948A612C3}.Release|x64.Build.0 = Release|Any CPU
		{9C81484D-1C97-4606-B744-43F948A612C3}.Release|x86.ActiveCfg = Release|Any CPU
		{9C81484D-1C97-4606-B744-43F948A612C3}.Release|x86.Build.0 = Release|Any CPU
	EndGlobalSection
EndGlobal
