
Microsoft Visual Studio Solution File, Format Version 12.00
# Visual Studio 15
VisualStudioVersion = 15.0.26124.0
MinimumVisualStudioVersion = 15.0.26124.0
Project("{F2A71F9B-5D33-465A-A702-920D77279786}") = "GetTheMiddleCharacter", "GetTheMiddleCharacter\GetTheMiddleCharacter.fsproj", "{6AA863FE-B6E6-4312-86FB-1DAB6843B510}"
EndProject
Project("{F2A71F9B-5D33-465A-A702-920D77279786}") = "DisemvowelTrolls", "DisemvowelTrolls\DisemvowelTrolls.fsproj", "{20F6FB59-B23C-470F-BF48-1CAC41EA312B}"
EndProject
Project("{F2A71F9B-5D33-465A-A702-920D77279786}") = "Mumbling", "Mumbling\Mumbling.fsproj", "{74473C56-2F08-4F1F-AB5D-0250723B1356}"
EndProject
Project("{F2A71F9B-5D33-465A-A702-920D77279786}") = "DescendingOrder", "DescendingOrder\DescendingOrder.fsproj", "{5E4D3F70-8E04-43FB-9933-9C7B108D51AD}"
EndProject
Project("{F2A71F9B-5D33-465A-A702-920D77279786}") = "HighestAndLowest", "HighestAndLowest\HighestAndLowest.fsproj", "{9C81484D-1C97-4606-B744-43F948A612C3}"
EndProject
Project("{F2A71F9B-5D33-465A-A702-920D77279786}") = "ShortestWord", "ShortestWord\ShortestWord.fsproj", "{3957179F-F790-4F55-9B2E-FEF9ABA5D540}"
EndProject
Project("{F2A71F9B-5D33-465A-A702-920D77279786}") = "SumOfNumbers", "SumOfNumbers\SumOfNumbers.fsproj", "{6A3DA6CA-5370-4992-A211-D605E44BCE1B}"
EndProject
Project("{F2A71F9B-5D33-465A-A702-920D77279786}") = "ListFiltering", "ListFiltering\ListFiltering.fsproj", "{660900A2-DA71-42BA-85FB-F603DA7E702B}"
EndProject
Project("{F2A71F9B-5D33-465A-A702-920D77279786}") = "SumOfPositiveIntegers", "SumOfPositiveIntegers\SumOfPositiveIntegers.fsproj", "{ED541AC4-A65D-41CD-892E-9F584ECA5DC4}"
EndProject
Project("{F2A71F9B-5D33-465A-A702-920D77279786}") = "GrowthOfPopulation", "GrowthOfPopulation\GrowthOfPopulation.fsproj", "{D8A735B8-8FE8-44C0-9E23-AED23CCAC339}"
EndProject
Project("{F2A71F9B-5D33-465A-A702-920D77279786}") = "TwoToOne", "TwoToOne\TwoToOne.fsproj", "{9D62BE97-FB65-4A84-8296-20B0DDCF7C8A}"
EndProject
Project("{F2A71F9B-5D33-465A-A702-920D77279786}") = "AlphabeticalAddition", "AlphabeticalAddition\AlphabeticalAddition.fsproj", "{38A2E06B-51EA-4C5F-9ECD-CD0CE21A26A7}"
EndProject
Project("{F2A71F9B-5D33-465A-A702-920D77279786}") = "OrderedCount", "OrderedCount\OrderedCount.fsproj", "{AF2F65B3-14DB-4679-954D-042D9945CD68}"
EndProject
Project("{F2A71F9B-5D33-465A-A702-920D77279786}") = "PrinterErrors", "PrinterErrors\PrinterErrors.fsproj", "{889D9B07-1A66-4292-B73F-7EAA64CFF4DE}"
EndProject
Global
	GlobalSection(SolutionConfigurationPlatforms) = preSolution
		Debug|Any CPU = Debug|Any CPU
		Debug|x64 = Debug|x64
		Debug|x86 = Debug|x86
		Release|Any CPU = Release|Any CPU
		Release|x64 = Release|x64
		Release|x86 = Release|x86
	EndGlobalSection
	GlobalSection(SolutionProperties) = preSolution
		HideSolutionNode = FALSE
	EndGlobalSection
	GlobalSection(ProjectConfigurationPlatforms) = postSolution
		{6AA863FE-B6E6-4312-86FB-1DAB6843B510}.Debug|Any CPU.ActiveCfg = Debug|Any CPU
		{6AA863FE-B6E6-4312-86FB-1DAB6843B510}.Debug|Any CPU.Build.0 = Debug|Any CPU
		{6AA863FE-B6E6-4312-86FB-1DAB6843B510}.Debug|x64.ActiveCfg = Debug|Any CPU
		{6AA863FE-B6E6-4312-86FB-1DAB6843B510}.Debug|x64.Build.0 = Debug|Any CPU
		{6AA863FE-B6E6-4312-86FB-1DAB6843B510}.Debug|x86.ActiveCfg = Debug|Any CPU
		{6AA863FE-B6E6-4312-86FB-1DAB6843B510}.Debug|x86.Build.0 = Debug|Any CPU
		{6AA863FE-B6E6-4312-86FB-1DAB6843B510}.Release|Any CPU.ActiveCfg = Release|Any CPU
		{6AA863FE-B6E6-4312-86FB-1DAB6843B510}.Release|Any CPU.Build.0 = Release|Any CPU
		{6AA863FE-B6E6-4312-86FB-1DAB6843B510}.Release|x64.ActiveCfg = Release|Any CPU
		{6AA863FE-B6E6-4312-86FB-1DAB6843B510}.Release|x64.Build.0 = Release|Any CPU
		{6AA863FE-B6E6-4312-86FB-1DAB6843B510}.Release|x86.ActiveCfg = Release|Any CPU
		{6AA863FE-B6E6-4312-86FB-1DAB6843B510}.Release|x86.Build.0 = Release|Any CPU
		{20F6FB59-B23C-470F-BF48-1CAC41EA312B}.Debug|Any CPU.ActiveCfg = Debug|Any CPU
		{20F6FB59-B23C-470F-BF48-1CAC41EA312B}.Debug|Any CPU.Build.0 = Debug|Any CPU
		{20F6FB59-B23C-470F-BF48-1CAC41EA312B}.Debug|x64.ActiveCfg = Debug|Any CPU
		{20F6FB59-B23C-470F-BF48-1CAC41EA312B}.Debug|x64.Build.0 = Debug|Any CPU
		{20F6FB59-B23C-470F-BF48-1CAC41EA312B}.Debug|x86.ActiveCfg = Debug|Any CPU
		{20F6FB59-B23C-470F-BF48-1CAC41EA312B}.Debug|x86.Build.0 = Debug|Any CPU
		{20F6FB59-B23C-470F-BF48-1CAC41EA312B}.Release|Any CPU.ActiveCfg = Release|Any CPU
		{20F6FB59-B23C-470F-BF48-1CAC41EA312B}.Release|Any CPU.Build.0 = Release|Any CPU
		{20F6FB59-B23C-470F-BF48-1CAC41EA312B}.Release|x64.ActiveCfg = Release|Any CPU
		{20F6FB59-B23C-470F-BF48-1CAC41EA312B}.Release|x64.Build.0 = Release|Any CPU
		{20F6FB59-B23C-470F-BF48-1CAC41EA312B}.Release|x86.ActiveCfg = Release|Any CPU
		{20F6FB59-B23C-470F-BF48-1CAC41EA312B}.Release|x86.Build.0 = Release|Any CPU
		{74473C56-2F08-4F1F-AB5D-0250723B1356}.Debug|Any CPU.ActiveCfg = Debug|Any CPU
		{74473C56-2F08-4F1F-AB5D-0250723B1356}.Debug|Any CPU.Build.0 = Debug|Any CPU
		{74473C56-2F08-4F1F-AB5D-0250723B1356}.Debug|x64.ActiveCfg = Debug|Any CPU
		{74473C56-2F08-4F1F-AB5D-0250723B1356}.Debug|x64.Build.0 = Debug|Any CPU
		{74473C56-2F08-4F1F-AB5D-0250723B1356}.Debug|x86.ActiveCfg = Debug|Any CPU
		{74473C56-2F08-4F1F-AB5D-0250723B1356}.Debug|x86.Build.0 = Debug|Any CPU
		{74473C56-2F08-4F1F-AB5D-0250723B1356}.Release|Any CPU.ActiveCfg = Release|Any CPU
		{74473C56-2F08-4F1F-AB5D-0250723B1356}.Release|Any CPU.Build.0 = Release|Any CPU
		{74473C56-2F08-4F1F-AB5D-0250723B1356}.Release|x64.ActiveCfg = Release|Any CPU
		{74473C56-2F08-4F1F-AB5D-0250723B1356}.Release|x64.Build.0 = Release|Any CPU
		{74473C56-2F08-4F1F-AB5D-0250723B1356}.Release|x86.ActiveCfg = Release|Any CPU
		{74473C56-2F08-4F1F-AB5D-0250723B1356}.Release|x86.Build.0 = Release|Any CPU
		{5E4D3F70-8E04-43FB-9933-9C7B108D51AD}.Debug|Any CPU.ActiveCfg = Debug|Any CPU
		{5E4D3F70-8E04-43FB-9933-9C7B108D51AD}.Debug|Any CPU.Build.0 = Debug|Any CPU
		{5E4D3F70-8E04-43FB-9933-9C7B108D51AD}.Debug|x64.ActiveCfg = Debug|Any CPU
		{5E4D3F70-8E04-43FB-9933-9C7B108D51AD}.Debug|x64.Build.0 = Debug|Any CPU
		{5E4D3F70-8E04-43FB-9933-9C7B108D51AD}.Debug|x86.ActiveCfg = Debug|Any CPU
		{5E4D3F70-8E04-43FB-9933-9C7B108D51AD}.Debug|x86.Build.0 = Debug|Any CPU
		{5E4D3F70-8E04-43FB-9933-9C7B108D51AD}.Release|Any CPU.ActiveCfg = Release|Any CPU
		{5E4D3F70-8E04-43FB-9933-9C7B108D51AD}.Release|Any CPU.Build.0 = Release|Any CPU
		{5E4D3F70-8E04-43FB-9933-9C7B108D51AD}.Release|x64.ActiveCfg = Release|Any CPU
		{5E4D3F70-8E04-43FB-9933-9C7B108D51AD}.Release|x64.Build.0 = Release|Any CPU
		{5E4D3F70-8E04-43FB-9933-9C7B108D51AD}.Release|x86.ActiveCfg = Release|Any CPU
		{5E4D3F70-8E04-43FB-9933-9C7B108D51AD}.Release|x86.Build.0 = Release|Any CPU
		{9C81484D-1C97-4606-B744-43F948A612C3}.Debug|Any CPU.ActiveCfg = Debug|Any CPU
		{9C81484D-1C97-4606-B744-43F948A612C3}.Debug|Any CPU.Build.0 = Debug|Any CPU
		{9C81484D-1C97-4606-B744-43F948A612C3}.Debug|x64.ActiveCfg = Debug|Any CPU
		{9C81484D-1C97-4606-B744-43F948A612C3}.Debug|x64.Build.0 = Debug|Any CPU
		{9C81484D-1C97-4606-B744-43F948A612C3}.Debug|x86.ActiveCfg = Debug|Any CPU
		{9C81484D-1C97-4606-B744-43F948A612C3}.Debug|x86.Build.0 = Debug|Any CPU
		{9C81484D-1C97-4606-B744-43F948A612C3}.Release|Any CPU.ActiveCfg = Release|Any CPU
		{9C81484D-1C97-4606-B744-43F948A612C3}.Release|Any CPU.Build.0 = Release|Any CPU
		{9C81484D-1C97-4606-B744-43F948A612C3}.Release|x64.ActiveCfg = Release|Any CPU
		{9C81484D-1C97-4606-B744-43F948A612C3}.Release|x64.Build.0 = Release|Any CPU
		{9C81484D-1C97-4606-B744-43F948A612C3}.Release|x86.ActiveCfg = Release|Any CPU
		{9C81484D-1C97-4606-B744-43F948A612C3}.Release|x86.Build.0 = Release|Any CPU
		{3957179F-F790-4F55-9B2E-FEF9ABA5D540}.Debug|Any CPU.ActiveCfg = Debug|Any CPU
		{3957179F-F790-4F55-9B2E-FEF9ABA5D540}.Debug|Any CPU.Build.0 = Debug|Any CPU
		{3957179F-F790-4F55-9B2E-FEF9ABA5D540}.Debug|x64.ActiveCfg = Debug|Any CPU
		{3957179F-F790-4F55-9B2E-FEF9ABA5D540}.Debug|x64.Build.0 = Debug|Any CPU
		{3957179F-F790-4F55-9B2E-FEF9ABA5D540}.Debug|x86.ActiveCfg = Debug|Any CPU
		{3957179F-F790-4F55-9B2E-FEF9ABA5D540}.Debug|x86.Build.0 = Debug|Any CPU
		{3957179F-F790-4F55-9B2E-FEF9ABA5D540}.Release|Any CPU.ActiveCfg = Release|Any CPU
		{3957179F-F790-4F55-9B2E-FEF9ABA5D540}.Release|Any CPU.Build.0 = Release|Any CPU
		{3957179F-F790-4F55-9B2E-FEF9ABA5D540}.Release|x64.ActiveCfg = Release|Any CPU
		{3957179F-F790-4F55-9B2E-FEF9ABA5D540}.Release|x64.Build.0 = Release|Any CPU
		{3957179F-F790-4F55-9B2E-FEF9ABA5D540}.Release|x86.ActiveCfg = Release|Any CPU
		{3957179F-F790-4F55-9B2E-FEF9ABA5D540}.Release|x86.Build.0 = Release|Any CPU
		{6A3DA6CA-5370-4992-A211-D605E44BCE1B}.Debug|Any CPU.ActiveCfg = Debug|Any CPU
		{6A3DA6CA-5370-4992-A211-D605E44BCE1B}.Debug|Any CPU.Build.0 = Debug|Any CPU
		{6A3DA6CA-5370-4992-A211-D605E44BCE1B}.Debug|x64.ActiveCfg = Debug|Any CPU
		{6A3DA6CA-5370-4992-A211-D605E44BCE1B}.Debug|x64.Build.0 = Debug|Any CPU
		{6A3DA6CA-5370-4992-A211-D605E44BCE1B}.Debug|x86.ActiveCfg = Debug|Any CPU
		{6A3DA6CA-5370-4992-A211-D605E44BCE1B}.Debug|x86.Build.0 = Debug|Any CPU
		{6A3DA6CA-5370-4992-A211-D605E44BCE1B}.Release|Any CPU.ActiveCfg = Release|Any CPU
		{6A3DA6CA-5370-4992-A211-D605E44BCE1B}.Release|Any CPU.Build.0 = Release|Any CPU
		{6A3DA6CA-5370-4992-A211-D605E44BCE1B}.Release|x64.ActiveCfg = Release|Any CPU
		{6A3DA6CA-5370-4992-A211-D605E44BCE1B}.Release|x64.Build.0 = Release|Any CPU
		{6A3DA6CA-5370-4992-A211-D605E44BCE1B}.Release|x86.ActiveCfg = Release|Any CPU
		{6A3DA6CA-5370-4992-A211-D605E44BCE1B}.Release|x86.Build.0 = Release|Any CPU
		{660900A2-DA71-42BA-85FB-F603DA7E702B}.Debug|Any CPU.ActiveCfg = Debug|Any CPU
		{660900A2-DA71-42BA-85FB-F603DA7E702B}.Debug|Any CPU.Build.0 = Debug|Any CPU
		{660900A2-DA71-42BA-85FB-F603DA7E702B}.Debug|x64.ActiveCfg = Debug|Any CPU
		{660900A2-DA71-42BA-85FB-F603DA7E702B}.Debug|x64.Build.0 = Debug|Any CPU
		{660900A2-DA71-42BA-85FB-F603DA7E702B}.Debug|x86.ActiveCfg = Debug|Any CPU
		{660900A2-DA71-42BA-85FB-F603DA7E702B}.Debug|x86.Build.0 = Debug|Any CPU
		{660900A2-DA71-42BA-85FB-F603DA7E702B}.Release|Any CPU.ActiveCfg = Release|Any CPU
		{660900A2-DA71-42BA-85FB-F603DA7E702B}.Release|Any CPU.Build.0 = Release|Any CPU
		{660900A2-DA71-42BA-85FB-F603DA7E702B}.Release|x64.ActiveCfg = Release|Any CPU
		{660900A2-DA71-42BA-85FB-F603DA7E702B}.Release|x64.Build.0 = Release|Any CPU
		{660900A2-DA71-42BA-85FB-F603DA7E702B}.Release|x86.ActiveCfg = Release|Any CPU
		{660900A2-DA71-42BA-85FB-F603DA7E702B}.Release|x86.Build.0 = Release|Any CPU
		{ED541AC4-A65D-41CD-892E-9F584ECA5DC4}.Debug|Any CPU.ActiveCfg = Debug|Any CPU
		{ED541AC4-A65D-41CD-892E-9F584ECA5DC4}.Debug|Any CPU.Build.0 = Debug|Any CPU
		{ED541AC4-A65D-41CD-892E-9F584ECA5DC4}.Debug|x64.ActiveCfg = Debug|Any CPU
		{ED541AC4-A65D-41CD-892E-9F584ECA5DC4}.Debug|x64.Build.0 = Debug|Any CPU
		{ED541AC4-A65D-41CD-892E-9F584ECA5DC4}.Debug|x86.ActiveCfg = Debug|Any CPU
		{ED541AC4-A65D-41CD-892E-9F584ECA5DC4}.Debug|x86.Build.0 = Debug|Any CPU
		{ED541AC4-A65D-41CD-892E-9F584ECA5DC4}.Release|Any CPU.ActiveCfg = Release|Any CPU
		{ED541AC4-A65D-41CD-892E-9F584ECA5DC4}.Release|Any CPU.Build.0 = Release|Any CPU
		{ED541AC4-A65D-41CD-892E-9F584ECA5DC4}.Release|x64.ActiveCfg = Release|Any CPU
		{ED541AC4-A65D-41CD-892E-9F584ECA5DC4}.Release|x64.Build.0 = Release|Any CPU
		{ED541AC4-A65D-41CD-892E-9F584ECA5DC4}.Release|x86.ActiveCfg = Release|Any CPU
		{ED541AC4-A65D-41CD-892E-9F584ECA5DC4}.Release|x86.Build.0 = Release|Any CPU
		{D8A735B8-8FE8-44C0-9E23-AED23CCAC339}.Debug|Any CPU.ActiveCfg = Debug|Any CPU
		{D8A735B8-8FE8-44C0-9E23-AED23CCAC339}.Debug|Any CPU.Build.0 = Debug|Any CPU
		{D8A735B8-8FE8-44C0-9E23-AED23CCAC339}.Debug|x64.ActiveCfg = Debug|Any CPU
		{D8A735B8-8FE8-44C0-9E23-AED23CCAC339}.Debug|x64.Build.0 = Debug|Any CPU
		{D8A735B8-8FE8-44C0-9E23-AED23CCAC339}.Debug|x86.ActiveCfg = Debug|Any CPU
		{D8A735B8-8FE8-44C0-9E23-AED23CCAC339}.Debug|x86.Build.0 = Debug|Any CPU
		{D8A735B8-8FE8-44C0-9E23-AED23CCAC339}.Release|Any CPU.ActiveCfg = Release|Any CPU
		{D8A735B8-8FE8-44C0-9E23-AED23CCAC339}.Release|Any CPU.Build.0 = Release|Any CPU
		{D8A735B8-8FE8-44C0-9E23-AED23CCAC339}.Release|x64.ActiveCfg = Release|Any CPU
		{D8A735B8-8FE8-44C0-9E23-AED23CCAC339}.Release|x64.Build.0 = Release|Any CPU
		{D8A735B8-8FE8-44C0-9E23-AED23CCAC339}.Release|x86.ActiveCfg = Release|Any CPU
		{D8A735B8-8FE8-44C0-9E23-AED23CCAC339}.Release|x86.Build.0 = Release|Any CPU
		{9D62BE97-FB65-4A84-8296-20B0DDCF7C8A}.Debug|Any CPU.ActiveCfg = Debug|Any CPU
		{9D62BE97-FB65-4A84-8296-20B0DDCF7C8A}.Debug|Any CPU.Build.0 = Debug|Any CPU
		{9D62BE97-FB65-4A84-8296-20B0DDCF7C8A}.Debug|x64.ActiveCfg = Debug|Any CPU
		{9D62BE97-FB65-4A84-8296-20B0DDCF7C8A}.Debug|x64.Build.0 = Debug|Any CPU
		{9D62BE97-FB65-4A84-8296-20B0DDCF7C8A}.Debug|x86.ActiveCfg = Debug|Any CPU
		{9D62BE97-FB65-4A84-8296-20B0DDCF7C8A}.Debug|x86.Build.0 = Debug|Any CPU
		{9D62BE97-FB65-4A84-8296-20B0DDCF7C8A}.Release|Any CPU.ActiveCfg = Release|Any CPU
		{9D62BE97-FB65-4A84-8296-20B0DDCF7C8A}.Release|Any CPU.Build.0 = Release|Any CPU
		{9D62BE97-FB65-4A84-8296-20B0DDCF7C8A}.Release|x64.ActiveCfg = Release|Any CPU
		{9D62BE97-FB65-4A84-8296-20B0DDCF7C8A}.Release|x64.Build.0 = Release|Any CPU
		{9D62BE97-FB65-4A84-8296-20B0DDCF7C8A}.Release|x86.ActiveCfg = Release|Any CPU
		{9D62BE97-FB65-4A84-8296-20B0DDCF7C8A}.Release|x86.Build.0 = Release|Any CPU
		{38A2E06B-51EA-4C5F-9ECD-CD0CE21A26A7}.Debug|Any CPU.ActiveCfg = Debug|Any CPU
		{38A2E06B-51EA-4C5F-9ECD-CD0CE21A26A7}.Debug|Any CPU.Build.0 = Debug|Any CPU
		{38A2E06B-51EA-4C5F-9ECD-CD0CE21A26A7}.Debug|x64.ActiveCfg = Debug|Any CPU
		{38A2E06B-51EA-4C5F-9ECD-CD0CE21A26A7}.Debug|x64.Build.0 = Debug|Any CPU
		{38A2E06B-51EA-4C5F-9ECD-CD0CE21A26A7}.Debug|x86.ActiveCfg = Debug|Any CPU
		{38A2E06B-51EA-4C5F-9ECD-CD0CE21A26A7}.Debug|x86.Build.0 = Debug|Any CPU
		{38A2E06B-51EA-4C5F-9ECD-CD0CE21A26A7}.Release|Any CPU.ActiveCfg = Release|Any CPU
		{38A2E06B-51EA-4C5F-9ECD-CD0CE21A26A7}.Release|Any CPU.Build.0 = Release|Any CPU
		{38A2E06B-51EA-4C5F-9ECD-CD0CE21A26A7}.Release|x64.ActiveCfg = Release|Any CPU
		{38A2E06B-51EA-4C5F-9ECD-CD0CE21A26A7}.Release|x64.Build.0 = Release|Any CPU
		{38A2E06B-51EA-4C5F-9ECD-CD0CE21A26A7}.Release|x86.ActiveCfg = Release|Any CPU
		{38A2E06B-51EA-4C5F-9ECD-CD0CE21A26A7}.Release|x86.Build.0 = Release|Any CPU
		{AF2F65B3-14DB-4679-954D-042D9945CD68}.Debug|Any CPU.ActiveCfg = Debug|Any CPU
		{AF2F65B3-14DB-4679-954D-042D9945CD68}.Debug|Any CPU.Build.0 = Debug|Any CPU
		{AF2F65B3-14DB-4679-954D-042D9945CD68}.Debug|x64.ActiveCfg = Debug|Any CPU
		{AF2F65B3-14DB-4679-954D-042D9945CD68}.Debug|x64.Build.0 = Debug|Any CPU
		{AF2F65B3-14DB-4679-954D-042D9945CD68}.Debug|x86.ActiveCfg = Debug|Any CPU
		{AF2F65B3-14DB-4679-954D-042D9945CD68}.Debug|x86.Build.0 = Debug|Any CPU
		{AF2F65B3-14DB-4679-954D-042D9945CD68}.Release|Any CPU.ActiveCfg = Release|Any CPU
		{AF2F65B3-14DB-4679-954D-042D9945CD68}.Release|Any CPU.Build.0 = Release|Any CPU
		{AF2F65B3-14DB-4679-954D-042D9945CD68}.Release|x64.ActiveCfg = Release|Any CPU
		{AF2F65B3-14DB-4679-954D-042D9945CD68}.Release|x64.Build.0 = Release|Any CPU
		{AF2F65B3-14DB-4679-954D-042D9945CD68}.Release|x86.ActiveCfg = Release|Any CPU
		{AF2F65B3-14DB-4679-954D-042D9945CD68}.Release|x86.Build.0 = Release|Any CPU
		{889D9B07-1A66-4292-B73F-7EAA64CFF4DE}.Debug|Any CPU.ActiveCfg = Debug|Any CPU
		{889D9B07-1A66-4292-B73F-7EAA64CFF4DE}.Debug|Any CPU.Build.0 = Debug|Any CPU
		{889D9B07-1A66-4292-B73F-7EAA64CFF4DE}.Debug|x64.ActiveCfg = Debug|Any CPU
		{889D9B07-1A66-4292-B73F-7EAA64CFF4DE}.Debug|x64.Build.0 = Debug|Any CPU
		{889D9B07-1A66-4292-B73F-7EAA64CFF4DE}.Debug|x86.ActiveCfg = Debug|Any CPU
		{889D9B07-1A66-4292-B73F-7EAA64CFF4DE}.Debug|x86.Build.0 = Debug|Any CPU
		{889D9B07-1A66-4292-B73F-7EAA64CFF4DE}.Release|Any CPU.ActiveCfg = Release|Any CPU
		{889D9B07-1A66-4292-B73F-7EAA64CFF4DE}.Release|Any CPU.Build.0 = Release|Any CPU
		{889D9B07-1A66-4292-B73F-7EAA64CFF4DE}.Release|x64.ActiveCfg = Release|Any CPU
		{889D9B07-1A66-4292-B73F-7EAA64CFF4DE}.Release|x64.Build.0 = Release|Any CPU
		{889D9B07-1A66-4292-B73F-7EAA64CFF4DE}.Release|x86.ActiveCfg = Release|Any CPU
		{889D9B07-1A66-4292-B73F-7EAA64CFF4DE}.Release|x86.Build.0 = Release|Any CPU
	EndGlobalSection
EndGlobal
