
Microsoft Visual Studio Solution File, Format Version 12.00
# Visual Studio 15
VisualStudioVersion = 15.0.26124.0
MinimumVisualStudioVersion = 15.0.26124.0
Project("{F2A71F9B-5D33-465A-A702-920D77279786}") = "Multiply", "Multiply\Multiply.fsproj", "{9D2E8062-203F-4C08-814D-C0F6496DEB64}"
EndProject
Project("{F2A71F9B-5D33-465A-A702-920D77279786}") = "StringRepeat", "StringRepeat\StringRepeat.fsproj", "{737E69A7-0385-4CD6-9F5B-813FB14451A8}"
EndProject
Project("{F2A71F9B-5D33-465A-A702-920D77279786}") = "CenturyFromYear", "CenturyFromYear\CenturyFromYear.fsproj", "{90ADA285-771C-4461-8627-3F463FDD18DF}"
EndProject
Project("{F2A71F9B-5D33-465A-A702-920D77279786}") = "IsDivided", "IsDivided\IsDivided.fsproj", "{C0F48D6A-B418-4227-8035-9768360D160B}"
EndProject
Project("{F2A71F9B-5D33-465A-A702-920D77279786}") = "LostWithoutMap", "LostWithoutMap\LostWithoutMap.fsproj", "{42D20B8A-AAD3-4E0C-8F48-6ABF73C1D6CC}"
EndProject
Project("{F2A71F9B-5D33-465A-A702-920D77279786}") = "FindAverage", "FindAverage\FindAverage.fsproj", "{291DAEA7-0A72-4BE2-B160-87E5EAD25A13}"
EndProject
Project("{F2A71F9B-5D33-465A-A702-920D77279786}") = "ReverseStrings", "ReverseStrings\ReverseStrings.fsproj", "{229394ED-4C8C-4BF4-AAD9-7CB38CA3A5AD}"
EndProject
Project("{F2A71F9B-5D33-465A-A702-920D77279786}") = "SumWithoutMaxMin", "SumWithoutMaxMin\SumWithoutMaxMin.fsproj", "{9503F11E-4475-41CF-9AF3-495E012B0030}"
EndProject
Project("{F2A71F9B-5D33-465A-A702-920D77279786}") = "MakeUpperCase", "MakeUpperCase\MakeUpperCase.fsproj", "{342543E9-D0B8-4357-946C-949CE804C7F3}"
EndProject
Project("{F2A71F9B-5D33-465A-A702-920D77279786}") = "Grow", "Grow\Grow.fsproj", "{E3B8F892-D341-436C-8619-AD7255BB326B}"
EndProject
Project("{F2A71F9B-5D33-465A-A702-920D77279786}") = "FakeBinary", "FakeBinary\FakeBinary.fsproj", "{42CC63ED-F312-480A-9DE5-7C2655E0F736}"
EndProject
Project("{F2A71F9B-5D33-465A-A702-920D77279786}") = "HelloF", "HelloF\HelloF.fsproj", "{D0067F1C-A4B0-4468-BC2D-6920B893443E}"
EndProject
Project("{F2A71F9B-5D33-465A-A702-920D77279786}") = "Clock", "Clock\Clock.fsproj", "{2D1A300A-DDCF-4CB7-9100-2EA01235E3CA}"
EndProject
Project("{F2A71F9B-5D33-465A-A702-920D77279786}") = "CalcBmi", "CalcBmi\CalcBmi.fsproj", "{81A59A29-D3CE-44AD-B859-587625516909}"
EndProject
Project("{F2A71F9B-5D33-465A-A702-920D77279786}") = "ExpressionMatter", "ExpressionMatter\ExpressionMatter.fsproj", "{2ACD053A-78DB-4BA6-9613-09A30B6B3BB2}"
EndProject
Project("{F2A71F9B-5D33-465A-A702-920D77279786}") = "ExclamationMarks", "ExclamationMarks\ExclamationMarks.fsproj", "{FA98BC1E-862D-4699-82B0-B7A15380EECE}"
EndProject
Project("{F2A71F9B-5D33-465A-A702-920D77279786}") = "LoveYou", "LoveYou\LoveYou.fsproj", "{8C00C450-20BD-40AA-9445-8F404DC56C65}"
EndProject
Project("{F2A71F9B-5D33-465A-A702-920D77279786}") = "StringyStrings", "StringyStrings\StringyStrings.fsproj", "{8884D8E7-DC97-452B-ACD5-495DF0F7B9E4}"
EndProject
Project("{F2A71F9B-5D33-465A-A702-920D77279786}") = "BasicVariable", "BasicVariable\BasicVariable.fsproj", "{36CDBEC9-7541-459B-AA16-CE9EA31F5164}"
EndProject
Project("{F2A71F9B-5D33-465A-A702-920D77279786}") = "ToSquare", "ToSquare\ToSquare.fsproj", "{D7715D4B-41D3-410C-A686-97471E190989}"
EndProject
Global
	GlobalSection(SolutionConfigurationPlatforms) = preSolution
		Debug|Any CPU = Debug|Any CPU
		Debug|x64 = Debug|x64
		Debug|x86 = Debug|x86
		Release|Any CPU = Release|Any CPU
		Release|x64 = Release|x64
		Release|x86 = Release|x86
	EndGlobalSection
	GlobalSection(SolutionProperties) = preSolution
		HideSolutionNode = FALSE
	EndGlobalSection
	GlobalSection(ProjectConfigurationPlatforms) = postSolution
		{9D2E8062-203F-4C08-814D-C0F6496DEB64}.Debug|Any CPU.ActiveCfg = Debug|Any CPU
		{9D2E8062-203F-4C08-814D-C0F6496DEB64}.Debug|Any CPU.Build.0 = Debug|Any CPU
		{9D2E8062-203F-4C08-814D-C0F6496DEB64}.Debug|x64.ActiveCfg = Debug|Any CPU
		{9D2E8062-203F-4C08-814D-C0F6496DEB64}.Debug|x64.Build.0 = Debug|Any CPU
		{9D2E8062-203F-4C08-814D-C0F6496DEB64}.Debug|x86.ActiveCfg = Debug|Any CPU
		{9D2E8062-203F-4C08-814D-C0F6496DEB64}.Debug|x86.Build.0 = Debug|Any CPU
		{9D2E8062-203F-4C08-814D-C0F6496DEB64}.Release|Any CPU.ActiveCfg = Release|Any CPU
		{9D2E8062-203F-4C08-814D-C0F6496DEB64}.Release|Any CPU.Build.0 = Release|Any CPU
		{9D2E8062-203F-4C08-814D-C0F6496DEB64}.Release|x64.ActiveCfg = Release|Any CPU
		{9D2E8062-203F-4C08-814D-C0F6496DEB64}.Release|x64.Build.0 = Release|Any CPU
		{9D2E8062-203F-4C08-814D-C0F6496DEB64}.Release|x86.ActiveCfg = Release|Any CPU
		{9D2E8062-203F-4C08-814D-C0F6496DEB64}.Release|x86.Build.0 = Release|Any CPU
		{737E69A7-0385-4CD6-9F5B-813FB14451A8}.Debug|Any CPU.ActiveCfg = Debug|Any CPU
		{737E69A7-0385-4CD6-9F5B-813FB14451A8}.Debug|Any CPU.Build.0 = Debug|Any CPU
		{737E69A7-0385-4CD6-9F5B-813FB14451A8}.Debug|x64.ActiveCfg = Debug|Any CPU
		{737E69A7-0385-4CD6-9F5B-813FB14451A8}.Debug|x64.Build.0 = Debug|Any CPU
		{737E69A7-0385-4CD6-9F5B-813FB14451A8}.Debug|x86.ActiveCfg = Debug|Any CPU
		{737E69A7-0385-4CD6-9F5B-813FB14451A8}.Debug|x86.Build.0 = Debug|Any CPU
		{737E69A7-0385-4CD6-9F5B-813FB14451A8}.Release|Any CPU.ActiveCfg = Release|Any CPU
		{737E69A7-0385-4CD6-9F5B-813FB14451A8}.Release|Any CPU.Build.0 = Release|Any CPU
		{737E69A7-0385-4CD6-9F5B-813FB14451A8}.Release|x64.ActiveCfg = Release|Any CPU
		{737E69A7-0385-4CD6-9F5B-813FB14451A8}.Release|x64.Build.0 = Release|Any CPU
		{737E69A7-0385-4CD6-9F5B-813FB14451A8}.Release|x86.ActiveCfg = Release|Any CPU
		{737E69A7-0385-4CD6-9F5B-813FB14451A8}.Release|x86.Build.0 = Release|Any CPU
		{90ADA285-771C-4461-8627-3F463FDD18DF}.Debug|Any CPU.ActiveCfg = Debug|Any CPU
		{90ADA285-771C-4461-8627-3F463FDD18DF}.Debug|Any CPU.Build.0 = Debug|Any CPU
		{90ADA285-771C-4461-8627-3F463FDD18DF}.Debug|x64.ActiveCfg = Debug|Any CPU
		{90ADA285-771C-4461-8627-3F463FDD18DF}.Debug|x64.Build.0 = Debug|Any CPU
		{90ADA285-771C-4461-8627-3F463FDD18DF}.Debug|x86.ActiveCfg = Debug|Any CPU
		{90ADA285-771C-4461-8627-3F463FDD18DF}.Debug|x86.Build.0 = Debug|Any CPU
		{90ADA285-771C-4461-8627-3F463FDD18DF}.Release|Any CPU.ActiveCfg = Release|Any CPU
		{90ADA285-771C-4461-8627-3F463FDD18DF}.Release|Any CPU.Build.0 = Release|Any CPU
		{90ADA285-771C-4461-8627-3F463FDD18DF}.Release|x64.ActiveCfg = Release|Any CPU
		{90ADA285-771C-4461-8627-3F463FDD18DF}.Release|x64.Build.0 = Release|Any CPU
		{90ADA285-771C-4461-8627-3F463FDD18DF}.Release|x86.ActiveCfg = Release|Any CPU
		{90ADA285-771C-4461-8627-3F463FDD18DF}.Release|x86.Build.0 = Release|Any CPU
		{C0F48D6A-B418-4227-8035-9768360D160B}.Debug|Any CPU.ActiveCfg = Debug|Any CPU
		{C0F48D6A-B418-4227-8035-9768360D160B}.Debug|Any CPU.Build.0 = Debug|Any CPU
		{C0F48D6A-B418-4227-8035-9768360D160B}.Debug|x64.ActiveCfg = Debug|Any CPU
		{C0F48D6A-B418-4227-8035-9768360D160B}.Debug|x64.Build.0 = Debug|Any CPU
		{C0F48D6A-B418-4227-8035-9768360D160B}.Debug|x86.ActiveCfg = Debug|Any CPU
		{C0F48D6A-B418-4227-8035-9768360D160B}.Debug|x86.Build.0 = Debug|Any CPU
		{C0F48D6A-B418-4227-8035-9768360D160B}.Release|Any CPU.ActiveCfg = Release|Any CPU
		{C0F48D6A-B418-4227-8035-9768360D160B}.Release|Any CPU.Build.0 = Release|Any CPU
		{C0F48D6A-B418-4227-8035-9768360D160B}.Release|x64.ActiveCfg = Release|Any CPU
		{C0F48D6A-B418-4227-8035-9768360D160B}.Release|x64.Build.0 = Release|Any CPU
		{C0F48D6A-B418-4227-8035-9768360D160B}.Release|x86.ActiveCfg = Release|Any CPU
		{C0F48D6A-B418-4227-8035-9768360D160B}.Release|x86.Build.0 = Release|Any CPU
		{42D20B8A-AAD3-4E0C-8F48-6ABF73C1D6CC}.Debug|Any CPU.ActiveCfg = Debug|Any CPU
		{42D20B8A-AAD3-4E0C-8F48-6ABF73C1D6CC}.Debug|Any CPU.Build.0 = Debug|Any CPU
		{42D20B8A-AAD3-4E0C-8F48-6ABF73C1D6CC}.Debug|x64.ActiveCfg = Debug|Any CPU
		{42D20B8A-AAD3-4E0C-8F48-6ABF73C1D6CC}.Debug|x64.Build.0 = Debug|Any CPU
		{42D20B8A-AAD3-4E0C-8F48-6ABF73C1D6CC}.Debug|x86.ActiveCfg = Debug|Any CPU
		{42D20B8A-AAD3-4E0C-8F48-6ABF73C1D6CC}.Debug|x86.Build.0 = Debug|Any CPU
		{42D20B8A-AAD3-4E0C-8F48-6ABF73C1D6CC}.Release|Any CPU.ActiveCfg = Release|Any CPU
		{42D20B8A-AAD3-4E0C-8F48-6ABF73C1D6CC}.Release|Any CPU.Build.0 = Release|Any CPU
		{42D20B8A-AAD3-4E0C-8F48-6ABF73C1D6CC}.Release|x64.ActiveCfg = Release|Any CPU
		{42D20B8A-AAD3-4E0C-8F48-6ABF73C1D6CC}.Release|x64.Build.0 = Release|Any CPU
		{42D20B8A-AAD3-4E0C-8F48-6ABF73C1D6CC}.Release|x86.ActiveCfg = Release|Any CPU
		{42D20B8A-AAD3-4E0C-8F48-6ABF73C1D6CC}.Release|x86.Build.0 = Release|Any CPU
		{291DAEA7-0A72-4BE2-B160-87E5EAD25A13}.Debug|Any CPU.ActiveCfg = Debug|Any CPU
		{291DAEA7-0A72-4BE2-B160-87E5EAD25A13}.Debug|Any CPU.Build.0 = Debug|Any CPU
		{291DAEA7-0A72-4BE2-B160-87E5EAD25A13}.Debug|x64.ActiveCfg = Debug|Any CPU
		{291DAEA7-0A72-4BE2-B160-87E5EAD25A13}.Debug|x64.Build.0 = Debug|Any CPU
		{291DAEA7-0A72-4BE2-B160-87E5EAD25A13}.Debug|x86.ActiveCfg = Debug|Any CPU
		{291DAEA7-0A72-4BE2-B160-87E5EAD25A13}.Debug|x86.Build.0 = Debug|Any CPU
		{291DAEA7-0A72-4BE2-B160-87E5EAD25A13}.Release|Any CPU.ActiveCfg = Release|Any CPU
		{291DAEA7-0A72-4BE2-B160-87E5EAD25A13}.Release|Any CPU.Build.0 = Release|Any CPU
		{291DAEA7-0A72-4BE2-B160-87E5EAD25A13}.Release|x64.ActiveCfg = Release|Any CPU
		{291DAEA7-0A72-4BE2-B160-87E5EAD25A13}.Release|x64.Build.0 = Release|Any CPU
		{291DAEA7-0A72-4BE2-B160-87E5EAD25A13}.Release|x86.ActiveCfg = Release|Any CPU
		{291DAEA7-0A72-4BE2-B160-87E5EAD25A13}.Release|x86.Build.0 = Release|Any CPU
		{229394ED-4C8C-4BF4-AAD9-7CB38CA3A5AD}.Debug|Any CPU.ActiveCfg = Debug|Any CPU
		{229394ED-4C8C-4BF4-AAD9-7CB38CA3A5AD}.Debug|Any CPU.Build.0 = Debug|Any CPU
		{229394ED-4C8C-4BF4-AAD9-7CB38CA3A5AD}.Debug|x64.ActiveCfg = Debug|Any CPU
		{229394ED-4C8C-4BF4-AAD9-7CB38CA3A5AD}.Debug|x64.Build.0 = Debug|Any CPU
		{229394ED-4C8C-4BF4-AAD9-7CB38CA3A5AD}.Debug|x86.ActiveCfg = Debug|Any CPU
		{229394ED-4C8C-4BF4-AAD9-7CB38CA3A5AD}.Debug|x86.Build.0 = Debug|Any CPU
		{229394ED-4C8C-4BF4-AAD9-7CB38CA3A5AD}.Release|Any CPU.ActiveCfg = Release|Any CPU
		{229394ED-4C8C-4BF4-AAD9-7CB38CA3A5AD}.Release|Any CPU.Build.0 = Release|Any CPU
		{229394ED-4C8C-4BF4-AAD9-7CB38CA3A5AD}.Release|x64.ActiveCfg = Release|Any CPU
		{229394ED-4C8C-4BF4-AAD9-7CB38CA3A5AD}.Release|x64.Build.0 = Release|Any CPU
		{229394ED-4C8C-4BF4-AAD9-7CB38CA3A5AD}.Release|x86.ActiveCfg = Release|Any CPU
		{229394ED-4C8C-4BF4-AAD9-7CB38CA3A5AD}.Release|x86.Build.0 = Release|Any CPU
		{9503F11E-4475-41CF-9AF3-495E012B0030}.Debug|Any CPU.ActiveCfg = Debug|Any CPU
		{9503F11E-4475-41CF-9AF3-495E012B0030}.Debug|Any CPU.Build.0 = Debug|Any CPU
		{9503F11E-4475-41CF-9AF3-495E012B0030}.Debug|x64.ActiveCfg = Debug|Any CPU
		{9503F11E-4475-41CF-9AF3-495E012B0030}.Debug|x64.Build.0 = Debug|Any CPU
		{9503F11E-4475-41CF-9AF3-495E012B0030}.Debug|x86.ActiveCfg = Debug|Any CPU
		{9503F11E-4475-41CF-9AF3-495E012B0030}.Debug|x86.Build.0 = Debug|Any CPU
		{9503F11E-4475-41CF-9AF3-495E012B0030}.Release|Any CPU.ActiveCfg = Release|Any CPU
		{9503F11E-4475-41CF-9AF3-495E012B0030}.Release|Any CPU.Build.0 = Release|Any CPU
		{9503F11E-4475-41CF-9AF3-495E012B0030}.Release|x64.ActiveCfg = Release|Any CPU
		{9503F11E-4475-41CF-9AF3-495E012B0030}.Release|x64.Build.0 = Release|Any CPU
		{9503F11E-4475-41CF-9AF3-495E012B0030}.Release|x86.ActiveCfg = Release|Any CPU
		{9503F11E-4475-41CF-9AF3-495E012B0030}.Release|x86.Build.0 = Release|Any CPU
		{342543E9-D0B8-4357-946C-949CE804C7F3}.Debug|Any CPU.ActiveCfg = Debug|Any CPU
		{342543E9-D0B8-4357-946C-949CE804C7F3}.Debug|Any CPU.Build.0 = Debug|Any CPU
		{342543E9-D0B8-4357-946C-949CE804C7F3}.Debug|x64.ActiveCfg = Debug|Any CPU
		{342543E9-D0B8-4357-946C-949CE804C7F3}.Debug|x64.Build.0 = Debug|Any CPU
		{342543E9-D0B8-4357-946C-949CE804C7F3}.Debug|x86.ActiveCfg = Debug|Any CPU
		{342543E9-D0B8-4357-946C-949CE804C7F3}.Debug|x86.Build.0 = Debug|Any CPU
		{342543E9-D0B8-4357-946C-949CE804C7F3}.Release|Any CPU.ActiveCfg = Release|Any CPU
		{342543E9-D0B8-4357-946C-949CE804C7F3}.Release|Any CPU.Build.0 = Release|Any CPU
		{342543E9-D0B8-4357-946C-949CE804C7F3}.Release|x64.ActiveCfg = Release|Any CPU
		{342543E9-D0B8-4357-946C-949CE804C7F3}.Release|x64.Build.0 = Release|Any CPU
		{342543E9-D0B8-4357-946C-949CE804C7F3}.Release|x86.ActiveCfg = Release|Any CPU
		{342543E9-D0B8-4357-946C-949CE804C7F3}.Release|x86.Build.0 = Release|Any CPU
		{E3B8F892-D341-436C-8619-AD7255BB326B}.Debug|Any CPU.ActiveCfg = Debug|Any CPU
		{E3B8F892-D341-436C-8619-AD7255BB326B}.Debug|Any CPU.Build.0 = Debug|Any CPU
		{E3B8F892-D341-436C-8619-AD7255BB326B}.Debug|x64.ActiveCfg = Debug|Any CPU
		{E3B8F892-D341-436C-8619-AD7255BB326B}.Debug|x64.Build.0 = Debug|Any CPU
		{E3B8F892-D341-436C-8619-AD7255BB326B}.Debug|x86.ActiveCfg = Debug|Any CPU
		{E3B8F892-D341-436C-8619-AD7255BB326B}.Debug|x86.Build.0 = Debug|Any CPU
		{E3B8F892-D341-436C-8619-AD7255BB326B}.Release|Any CPU.ActiveCfg = Release|Any CPU
		{E3B8F892-D341-436C-8619-AD7255BB326B}.Release|Any CPU.Build.0 = Release|Any CPU
		{E3B8F892-D341-436C-8619-AD7255BB326B}.Release|x64.ActiveCfg = Release|Any CPU
		{E3B8F892-D341-436C-8619-AD7255BB326B}.Release|x64.Build.0 = Release|Any CPU
		{E3B8F892-D341-436C-8619-AD7255BB326B}.Release|x86.ActiveCfg = Release|Any CPU
		{E3B8F892-D341-436C-8619-AD7255BB326B}.Release|x86.Build.0 = Release|Any CPU
		{42CC63ED-F312-480A-9DE5-7C2655E0F736}.Debug|Any CPU.ActiveCfg = Debug|Any CPU
		{42CC63ED-F312-480A-9DE5-7C2655E0F736}.Debug|Any CPU.Build.0 = Debug|Any CPU
		{42CC63ED-F312-480A-9DE5-7C2655E0F736}.Debug|x64.ActiveCfg = Debug|Any CPU
		{42CC63ED-F312-480A-9DE5-7C2655E0F736}.Debug|x64.Build.0 = Debug|Any CPU
		{42CC63ED-F312-480A-9DE5-7C2655E0F736}.Debug|x86.ActiveCfg = Debug|Any CPU
		{42CC63ED-F312-480A-9DE5-7C2655E0F736}.Debug|x86.Build.0 = Debug|Any CPU
		{42CC63ED-F312-480A-9DE5-7C2655E0F736}.Release|Any CPU.ActiveCfg = Release|Any CPU
		{42CC63ED-F312-480A-9DE5-7C2655E0F736}.Release|Any CPU.Build.0 = Release|Any CPU
		{42CC63ED-F312-480A-9DE5-7C2655E0F736}.Release|x64.ActiveCfg = Release|Any CPU
		{42CC63ED-F312-480A-9DE5-7C2655E0F736}.Release|x64.Build.0 = Release|Any CPU
		{42CC63ED-F312-480A-9DE5-7C2655E0F736}.Release|x86.ActiveCfg = Release|Any CPU
		{42CC63ED-F312-480A-9DE5-7C2655E0F736}.Release|x86.Build.0 = Release|Any CPU
		{D0067F1C-A4B0-4468-BC2D-6920B893443E}.Debug|Any CPU.ActiveCfg = Debug|Any CPU
		{D0067F1C-A4B0-4468-BC2D-6920B893443E}.Debug|Any CPU.Build.0 = Debug|Any CPU
		{D0067F1C-A4B0-4468-BC2D-6920B893443E}.Debug|x64.ActiveCfg = Debug|Any CPU
		{D0067F1C-A4B0-4468-BC2D-6920B893443E}.Debug|x64.Build.0 = Debug|Any CPU
		{D0067F1C-A4B0-4468-BC2D-6920B893443E}.Debug|x86.ActiveCfg = Debug|Any CPU
		{D0067F1C-A4B0-4468-BC2D-6920B893443E}.Debug|x86.Build.0 = Debug|Any CPU
		{D0067F1C-A4B0-4468-BC2D-6920B893443E}.Release|Any CPU.ActiveCfg = Release|Any CPU
		{D0067F1C-A4B0-4468-BC2D-6920B893443E}.Release|Any CPU.Build.0 = Release|Any CPU
		{D0067F1C-A4B0-4468-BC2D-6920B893443E}.Release|x64.ActiveCfg = Release|Any CPU
		{D0067F1C-A4B0-4468-BC2D-6920B893443E}.Release|x64.Build.0 = Release|Any CPU
		{D0067F1C-A4B0-4468-BC2D-6920B893443E}.Release|x86.ActiveCfg = Release|Any CPU
		{D0067F1C-A4B0-4468-BC2D-6920B893443E}.Release|x86.Build.0 = Release|Any CPU
		{2D1A300A-DDCF-4CB7-9100-2EA01235E3CA}.Debug|Any CPU.ActiveCfg = Debug|Any CPU
		{2D1A300A-DDCF-4CB7-9100-2EA01235E3CA}.Debug|Any CPU.Build.0 = Debug|Any CPU
		{2D1A300A-DDCF-4CB7-9100-2EA01235E3CA}.Debug|x64.ActiveCfg = Debug|Any CPU
		{2D1A300A-DDCF-4CB7-9100-2EA01235E3CA}.Debug|x64.Build.0 = Debug|Any CPU
		{2D1A300A-DDCF-4CB7-9100-2EA01235E3CA}.Debug|x86.ActiveCfg = Debug|Any CPU
		{2D1A300A-DDCF-4CB7-9100-2EA01235E3CA}.Debug|x86.Build.0 = Debug|Any CPU
		{2D1A300A-DDCF-4CB7-9100-2EA01235E3CA}.Release|Any CPU.ActiveCfg = Release|Any CPU
		{2D1A300A-DDCF-4CB7-9100-2EA01235E3CA}.Release|Any CPU.Build.0 = Release|Any CPU
		{2D1A300A-DDCF-4CB7-9100-2EA01235E3CA}.Release|x64.ActiveCfg = Release|Any CPU
		{2D1A300A-DDCF-4CB7-9100-2EA01235E3CA}.Release|x64.Build.0 = Release|Any CPU
		{2D1A300A-DDCF-4CB7-9100-2EA01235E3CA}.Release|x86.ActiveCfg = Release|Any CPU
		{2D1A300A-DDCF-4CB7-9100-2EA01235E3CA}.Release|x86.Build.0 = Release|Any CPU
		{81A59A29-D3CE-44AD-B859-587625516909}.Debug|Any CPU.ActiveCfg = Debug|Any CPU
		{81A59A29-D3CE-44AD-B859-587625516909}.Debug|Any CPU.Build.0 = Debug|Any CPU
		{81A59A29-D3CE-44AD-B859-587625516909}.Debug|x64.ActiveCfg = Debug|Any CPU
		{81A59A29-D3CE-44AD-B859-587625516909}.Debug|x64.Build.0 = Debug|Any CPU
		{81A59A29-D3CE-44AD-B859-587625516909}.Debug|x86.ActiveCfg = Debug|Any CPU
		{81A59A29-D3CE-44AD-B859-587625516909}.Debug|x86.Build.0 = Debug|Any CPU
		{81A59A29-D3CE-44AD-B859-587625516909}.Release|Any CPU.ActiveCfg = Release|Any CPU
		{81A59A29-D3CE-44AD-B859-587625516909}.Release|Any CPU.Build.0 = Release|Any CPU
		{81A59A29-D3CE-44AD-B859-587625516909}.Release|x64.ActiveCfg = Release|Any CPU
		{81A59A29-D3CE-44AD-B859-587625516909}.Release|x64.Build.0 = Release|Any CPU
		{81A59A29-D3CE-44AD-B859-587625516909}.Release|x86.ActiveCfg = Release|Any CPU
		{81A59A29-D3CE-44AD-B859-587625516909}.Release|x86.Build.0 = Release|Any CPU
		{2ACD053A-78DB-4BA6-9613-09A30B6B3BB2}.Debug|Any CPU.ActiveCfg = Debug|Any CPU
		{2ACD053A-78DB-4BA6-9613-09A30B6B3BB2}.Debug|Any CPU.Build.0 = Debug|Any CPU
		{2ACD053A-78DB-4BA6-9613-09A30B6B3BB2}.Debug|x64.ActiveCfg = Debug|Any CPU
		{2ACD053A-78DB-4BA6-9613-09A30B6B3BB2}.Debug|x64.Build.0 = Debug|Any CPU
		{2ACD053A-78DB-4BA6-9613-09A30B6B3BB2}.Debug|x86.ActiveCfg = Debug|Any CPU
		{2ACD053A-78DB-4BA6-9613-09A30B6B3BB2}.Debug|x86.Build.0 = Debug|Any CPU
		{2ACD053A-78DB-4BA6-9613-09A30B6B3BB2}.Release|Any CPU.ActiveCfg = Release|Any CPU
		{2ACD053A-78DB-4BA6-9613-09A30B6B3BB2}.Release|Any CPU.Build.0 = Release|Any CPU
		{2ACD053A-78DB-4BA6-9613-09A30B6B3BB2}.Release|x64.ActiveCfg = Release|Any CPU
		{2ACD053A-78DB-4BA6-9613-09A30B6B3BB2}.Release|x64.Build.0 = Release|Any CPU
		{2ACD053A-78DB-4BA6-9613-09A30B6B3BB2}.Release|x86.ActiveCfg = Release|Any CPU
		{2ACD053A-78DB-4BA6-9613-09A30B6B3BB2}.Release|x86.Build.0 = Release|Any CPU
		{FA98BC1E-862D-4699-82B0-B7A15380EECE}.Debug|Any CPU.ActiveCfg = Debug|Any CPU
		{FA98BC1E-862D-4699-82B0-B7A15380EECE}.Debug|Any CPU.Build.0 = Debug|Any CPU
		{FA98BC1E-862D-4699-82B0-B7A15380EECE}.Debug|x64.ActiveCfg = Debug|Any CPU
		{FA98BC1E-862D-4699-82B0-B7A15380EECE}.Debug|x64.Build.0 = Debug|Any CPU
		{FA98BC1E-862D-4699-82B0-B7A15380EECE}.Debug|x86.ActiveCfg = Debug|Any CPU
		{FA98BC1E-862D-4699-82B0-B7A15380EECE}.Debug|x86.Build.0 = Debug|Any CPU
		{FA98BC1E-862D-4699-82B0-B7A15380EECE}.Release|Any CPU.ActiveCfg = Release|Any CPU
		{FA98BC1E-862D-4699-82B0-B7A15380EECE}.Release|Any CPU.Build.0 = Release|Any CPU
		{FA98BC1E-862D-4699-82B0-B7A15380EECE}.Release|x64.ActiveCfg = Release|Any CPU
		{FA98BC1E-862D-4699-82B0-B7A15380EECE}.Release|x64.Build.0 = Release|Any CPU
		{FA98BC1E-862D-4699-82B0-B7A15380EECE}.Release|x86.ActiveCfg = Release|Any CPU
		{FA98BC1E-862D-4699-82B0-B7A15380EECE}.Release|x86.Build.0 = Release|Any CPU
		{8C00C450-20BD-40AA-9445-8F404DC56C65}.Debug|Any CPU.ActiveCfg = Debug|Any CPU
		{8C00C450-20BD-40AA-9445-8F404DC56C65}.Debug|Any CPU.Build.0 = Debug|Any CPU
		{8C00C450-20BD-40AA-9445-8F404DC56C65}.Debug|x64.ActiveCfg = Debug|Any CPU
		{8C00C450-20BD-40AA-9445-8F404DC56C65}.Debug|x64.Build.0 = Debug|Any CPU
		{8C00C450-20BD-40AA-9445-8F404DC56C65}.Debug|x86.ActiveCfg = Debug|Any CPU
		{8C00C450-20BD-40AA-9445-8F404DC56C65}.Debug|x86.Build.0 = Debug|Any CPU
		{8C00C450-20BD-40AA-9445-8F404DC56C65}.Release|Any CPU.ActiveCfg = Release|Any CPU
		{8C00C450-20BD-40AA-9445-8F404DC56C65}.Release|Any CPU.Build.0 = Release|Any CPU
		{8C00C450-20BD-40AA-9445-8F404DC56C65}.Release|x64.ActiveCfg = Release|Any CPU
		{8C00C450-20BD-40AA-9445-8F404DC56C65}.Release|x64.Build.0 = Release|Any CPU
		{8C00C450-20BD-40AA-9445-8F404DC56C65}.Release|x86.ActiveCfg = Release|Any CPU
		{8C00C450-20BD-40AA-9445-8F404DC56C65}.Release|x86.Build.0 = Release|Any CPU
		{8884D8E7-DC97-452B-ACD5-495DF0F7B9E4}.Debug|Any CPU.ActiveCfg = Debug|Any CPU
		{8884D8E7-DC97-452B-ACD5-495DF0F7B9E4}.Debug|Any CPU.Build.0 = Debug|Any CPU
		{8884D8E7-DC97-452B-ACD5-495DF0F7B9E4}.Debug|x64.ActiveCfg = Debug|Any CPU
		{8884D8E7-DC97-452B-ACD5-495DF0F7B9E4}.Debug|x64.Build.0 = Debug|Any CPU
		{8884D8E7-DC97-452B-ACD5-495DF0F7B9E4}.Debug|x86.ActiveCfg = Debug|Any CPU
		{8884D8E7-DC97-452B-ACD5-495DF0F7B9E4}.Debug|x86.Build.0 = Debug|Any CPU
		{8884D8E7-DC97-452B-ACD5-495DF0F7B9E4}.Release|Any CPU.ActiveCfg = Release|Any CPU
		{8884D8E7-DC97-452B-ACD5-495DF0F7B9E4}.Release|Any CPU.Build.0 = Release|Any CPU
		{8884D8E7-DC97-452B-ACD5-495DF0F7B9E4}.Release|x64.ActiveCfg = Release|Any CPU
		{8884D8E7-DC97-452B-ACD5-495DF0F7B9E4}.Release|x64.Build.0 = Release|Any CPU
		{8884D8E7-DC97-452B-ACD5-495DF0F7B9E4}.Release|x86.ActiveCfg = Release|Any CPU
		{8884D8E7-DC97-452B-ACD5-495DF0F7B9E4}.Release|x86.Build.0 = Release|Any CPU
		{36CDBEC9-7541-459B-AA16-CE9EA31F5164}.Debug|Any CPU.ActiveCfg = Debug|Any CPU
		{36CDBEC9-7541-459B-AA16-CE9EA31F5164}.Debug|Any CPU.Build.0 = Debug|Any CPU
		{36CDBEC9-7541-459B-AA16-CE9EA31F5164}.Debug|x64.ActiveCfg = Debug|Any CPU
		{36CDBEC9-7541-459B-AA16-CE9EA31F5164}.Debug|x64.Build.0 = Debug|Any CPU
		{36CDBEC9-7541-459B-AA16-CE9EA31F5164}.Debug|x86.ActiveCfg = Debug|Any CPU
		{36CDBEC9-7541-459B-AA16-CE9EA31F5164}.Debug|x86.Build.0 = Debug|Any CPU
		{36CDBEC9-7541-459B-AA16-CE9EA31F5164}.Release|Any CPU.ActiveCfg = Release|Any CPU
		{36CDBEC9-7541-459B-AA16-CE9EA31F5164}.Release|Any CPU.Build.0 = Release|Any CPU
		{36CDBEC9-7541-459B-AA16-CE9EA31F5164}.Release|x64.ActiveCfg = Release|Any CPU
		{36CDBEC9-7541-459B-AA16-CE9EA31F5164}.Release|x64.Build.0 = Release|Any CPU
		{36CDBEC9-7541-459B-AA16-CE9EA31F5164}.Release|x86.ActiveCfg = Release|Any CPU
		{36CDBEC9-7541-459B-AA16-CE9EA31F5164}.Release|x86.Build.0 = Release|Any CPU
		{D7715D4B-41D3-410C-A686-97471E190989}.Debug|Any CPU.ActiveCfg = Debug|Any CPU
		{D7715D4B-41D3-410C-A686-97471E190989}.Debug|Any CPU.Build.0 = Debug|Any CPU
		{D7715D4B-41D3-410C-A686-97471E190989}.Debug|x64.ActiveCfg = Debug|Any CPU
		{D7715D4B-41D3-410C-A686-97471E190989}.Debug|x64.Build.0 = Debug|Any CPU
		{D7715D4B-41D3-410C-A686-97471E190989}.Debug|x86.ActiveCfg = Debug|Any CPU
		{D7715D4B-41D3-410C-A686-97471E190989}.Debug|x86.Build.0 = Debug|Any CPU
		{D7715D4B-41D3-410C-A686-97471E190989}.Release|Any CPU.ActiveCfg = Release|Any CPU
		{D7715D4B-41D3-410C-A686-97471E190989}.Release|Any CPU.Build.0 = Release|Any CPU
		{D7715D4B-41D3-410C-A686-97471E190989}.Release|x64.ActiveCfg = Release|Any CPU
		{D7715D4B-41D3-410C-A686-97471E190989}.Release|x64.Build.0 = Release|Any CPU
		{D7715D4B-41D3-410C-A686-97471E190989}.Release|x86.ActiveCfg = Release|Any CPU
		{D7715D4B-41D3-410C-A686-97471E190989}.Release|x86.Build.0 = Release|Any CPU
	EndGlobalSection
EndGlobal
