
Microsoft Visual Studio Solution File, Format Version 12.00
# Visual Studio Version 16
VisualStudioVersion = 16.0.29613.14
MinimumVisualStudioVersion = 10.0.40219.1
Project("{9A19103F-16F7-4668-BE54-9A1E7A4F7556}") = "Two Sum", "Two Sum.csproj", "{2C73807E-6C65-46D5-A60C-34AF766BA4D1}"
EndProject
Global
	GlobalSection(SolutionConfigurationPlatforms) = preSolution
		Debug|Any CPU = Debug|Any CPU
		Release|Any CPU = Release|Any CPU
	EndGlobalSection
	GlobalSection(ProjectConfigurationPlatforms) = postSolution
		{2C73807E-6C65-46D5-A60C-34AF766BA4D1}.Debug|Any CPU.ActiveCfg = Debug|Any CPU
		{2C73807E-6C65-46D5-A60C-34AF766BA4D1}.Debug|Any CPU.Build.0 = Debug|Any CPU
		{2C73807E-6C65-46D5-A60C-34AF766BA4D1}.Release|Any CPU.ActiveCfg = Release|Any CPU
		{2C73807E-6C65-46D5-A60C-34AF766BA4D1}.Release|Any CPU.Build.0 = Release|Any CPU
	EndGlobalSection
	GlobalSection(SolutionProperties) = preSolution
		HideSolutionNode = FALSE
	EndGlobalSection
	GlobalSection(ExtensibilityGlobals) = postSolution
		SolutionGuid = {ED1209E6-07EB-44CF-8730-23CBEFB55C54}
	EndGlobalSection
EndGlobal
